{
  "name": "zeha",
  "version": "0.1.0",
  "lockfileVersion": 3,
  "requires": true,
  "packages": {
    "": {
      "name": "zeha",
      "version": "0.1.0",
      "dependencies": {
        "swiper": "^11.1.14"
      },
      "devDependencies": {
        "@tauri-apps/cli": "^1"
      }
    },
    "node_modules/@tauri-apps/cli": {
      "version": "1.6.1",
      "dev": true,
      "license": "Apache-2.0 OR MIT",
      "bin": {
        "tauri": "tauri.js"
      },
      "engines": {
        "node": ">= 10"
      },
      "funding": {
        "type": "opencollective",
        "url": "https://opencollective.com/tauri"
      },
      "optionalDependencies": {
        "@tauri-apps/cli-darwin-arm64": "1.6.1",
        "@tauri-apps/cli-darwin-x64": "1.6.1",
        "@tauri-apps/cli-linux-arm-gnueabihf": "1.6.1",
        "@tauri-apps/cli-linux-arm64-gnu": "1.6.1",
        "@tauri-apps/cli-linux-arm64-musl": "1.6.1",
        "@tauri-apps/cli-linux-x64-gnu": "1.6.1",
        "@tauri-apps/cli-linux-x64-musl": "1.6.1",
        "@tauri-apps/cli-win32-arm64-msvc": "1.6.1",
        "@tauri-apps/cli-win32-ia32-msvc": "1.6.1",
        "@tauri-apps/cli-win32-x64-msvc": "1.6.1"
      }
    },
    "node_modules/@tauri-apps/cli-darwin-arm64": {
      "version": "1.6.1",
      "cpu": [
        "arm64"
      ],
      "dev": true,
      "license": "MIT",
      "optional": true,
      "os": [
        "darwin"
      ],
      "engines": {
        "node": ">= 10"
      }
    },
    "node_modules/swiper": {
      "version": "11.1.14",
      "resolved": "https://registry.npmjs.org/swiper/-/swiper-11.1.14.tgz",
      "integrity": "sha512-VbQLQXC04io6AoAjIUWuZwW4MSYozkcP9KjLdrsG/00Q/yiwvhz9RQyt0nHXV10hi9NVnDNy1/wv7Dzq1lkOCQ==",
      "funding": [
        {
          "type": "patreon",
          "url": "https://www.patreon.com/swiperjs"
        },
        {
          "type": "open_collective",
          "url": "http://opencollective.com/swiper"
        }
      ],
      "engines": {
        "node": ">= 4.7.0"
      }
    }
  }
}
